// !$*UTF8*$!
{
	archiveVersion = 1;
	classes = {
	};
	objectVersion = 46;
	objects = {

/* Begin PBXBuildFile section */
		5F6DE92A1DF8ED0A00A4809C /* AFHTTPSessionManager.m in Sources */ = {isa = PBXBuildFile; fileRef = 5F6DE9091DF8ED0A00A4809C /* AFHTTPSessionManager.m */; };
		5F6DE92B1DF8ED0A00A4809C /* AFNetworkReachabilityManager.m in Sources */ = {isa = PBXBuildFile; fileRef = 5F6DE90C1DF8ED0A00A4809C /* AFNetworkReachabilityManager.m */; };
		5F6DE92C1DF8ED0A00A4809C /* AFSecurityPolicy.m in Sources */ = {isa = PBXBuildFile; fileRef = 5F6DE90E1DF8ED0A00A4809C /* AFSecurityPolicy.m */; };
		5F6DE92D1DF8ED0A00A4809C /* AFURLRequestSerialization.m in Sources */ = {isa = PBXBuildFile; fileRef = 5F6DE9101DF8ED0A00A4809C /* AFURLRequestSerialization.m */; };
		5F6DE92E1DF8ED0A00A4809C /* AFURLResponseSerialization.m in Sources */ = {isa = PBXBuildFile; fileRef = 5F6DE9121DF8ED0A00A4809C /* AFURLResponseSerialization.m */; };
		5F6DE92F1DF8ED0A00A4809C /* AFURLSessionManager.m in Sources */ = {isa = PBXBuildFile; fileRef = 5F6DE9141DF8ED0A00A4809C /* AFURLSessionManager.m */; };
		5F6DE9301DF8ED0A00A4809C /* AFAutoPurgingImageCache.m in Sources */ = {isa = PBXBuildFile; fileRef = 5F6DE9171DF8ED0A00A4809C /* AFAutoPurgingImageCache.m */; };
		5F6DE9311DF8ED0A00A4809C /* AFImageDownloader.m in Sources */ = {isa = PBXBuildFile; fileRef = 5F6DE9191DF8ED0A00A4809C /* AFImageDownloader.m */; };
		5F6DE9321DF8ED0A00A4809C /* AFNetworkActivityIndicatorManager.m in Sources */ = {isa = PBXBuildFile; fileRef = 5F6DE91B1DF8ED0A00A4809C /* AFNetworkActivityIndicatorManager.m */; };
		5F6DE9331DF8ED0A00A4809C /* UIActivityIndicatorView+AFNetworking.m in Sources */ = {isa = PBXBuildFile; fileRef = 5F6DE91D1DF8ED0A00A4809C /* UIActivityIndicatorView+AFNetworking.m */; };
		5F6DE9341DF8ED0A00A4809C /* UIButton+AFNetworking.m in Sources */ = {isa = PBXBuildFile; fileRef = 5F6DE91F1DF8ED0A00A4809C /* UIButton+AFNetworking.m */; };
		5F6DE9351DF8ED0A00A4809C /* UIImageView+AFNetworking.m in Sources */ = {isa = PBXBuildFile; fileRef = 5F6DE9221DF8ED0A00A4809C /* UIImageView+AFNetworking.m */; };
		5F6DE9361DF8ED0A00A4809C /* UIProgressView+AFNetworking.m in Sources */ = {isa = PBXBuildFile; fileRef = 5F6DE9251DF8ED0A00A4809C /* UIProgressView+AFNetworking.m */; };
		5F6DE9371DF8ED0A00A4809C /* UIRefreshControl+AFNetworking.m in Sources */ = {isa = PBXBuildFile; fileRef = 5F6DE9271DF8ED0A00A4809C /* UIRefreshControl+AFNetworking.m */; };
		5F6DE9381DF8ED0A00A4809C /* UIWebView+AFNetworking.m in Sources */ = {isa = PBXBuildFile; fileRef = 5F6DE9291DF8ED0A00A4809C /* UIWebView+AFNetworking.m */; };
		5F6DE9421DF8ED8D00A4809C /* YYCache.m in Sources */ = {isa = PBXBuildFile; fileRef = 5F6DE93B1DF8ED8D00A4809C /* YYCache.m */; };
		5F6DE9431DF8ED8D00A4809C /* YYDiskCache.m in Sources */ = {isa = PBXBuildFile; fileRef = 5F6DE93D1DF8ED8D00A4809C /* YYDiskCache.m */; };
		5F6DE9441DF8ED8D00A4809C /* YYKVStorage.m in Sources */ = {isa = PBXBuildFile; fileRef = 5F6DE93F1DF8ED8D00A4809C /* YYKVStorage.m */; };
		5F6DE9451DF8ED8D00A4809C /* YYMemoryCache.m in Sources */ = {isa = PBXBuildFile; fileRef = 5F6DE9411DF8ED8D00A4809C /* YYMemoryCache.m */; };
		5F6DE94B1DF8EED400A4809C /* PPNetworkCache.m in Sources */ = {isa = PBXBuildFile; fileRef = 5F6DE9481DF8EED400A4809C /* PPNetworkCache.m */; };
		5F6DE94C1DF8EED400A4809C /* PPNetworkHelper.m in Sources */ = {isa = PBXBuildFile; fileRef = 5F6DE94A1DF8EED400A4809C /* PPNetworkHelper.m */; };
		5F6DE94F1DF8FC2900A4809C /* libsqlite3.0.tbd in Frameworks */ = {isa = PBXBuildFile; fileRef = 5F6DE94E1DF8FC2900A4809C /* libsqlite3.0.tbd */; };
		5F6DE9521DF8FD4800A4809C /* XHTextModel.m in Sources */ = {isa = PBXBuildFile; fileRef = 5F6DE9511DF8FD4800A4809C /* XHTextModel.m */; };
		5F6DE9551DF8FD5600A4809C /* XHPicModel.m in Sources */ = {isa = PBXBuildFile; fileRef = 5F6DE9541DF8FD5600A4809C /* XHPicModel.m */; };
		5F6DE95F1DF908A600A4809C /* XHTextTableViewCell.m in Sources */ = {isa = PBXBuildFile; fileRef = 5F6DE95D1DF908A600A4809C /* XHTextTableViewCell.m */; };
		5F6DE9601DF908A600A4809C /* XHTextTableViewCell.xib in Resources */ = {isa = PBXBuildFile; fileRef = 5F6DE95E1DF908A600A4809C /* XHTextTableViewCell.xib */; };
		5F6DE9641DF908C800A4809C /* XHPicTableViewCell.m in Sources */ = {isa = PBXBuildFile; fileRef = 5F6DE9621DF908C800A4809C /* XHPicTableViewCell.m */; };
		5F6DE9651DF908C800A4809C /* XHPicTableViewCell.xib in Resources */ = {isa = PBXBuildFile; fileRef = 5F6DE9631DF908C800A4809C /* XHPicTableViewCell.xib */; };
		5F6DE9691DF90BC800A4809C /* DealTheDataForLabel.m in Sources */ = {isa = PBXBuildFile; fileRef = 5F6DE9681DF90BC800A4809C /* DealTheDataForLabel.m */; };
		5F8605541DF7F5F8002657DB /* main.m in Sources */ = {isa = PBXBuildFile; fileRef = 5F8605531DF7F5F8002657DB /* main.m */; };
		5F8605571DF7F5F8002657DB /* AppDelegate.m in Sources */ = {isa = PBXBuildFile; fileRef = 5F8605561DF7F5F8002657DB /* AppDelegate.m */; };
		5F86055A1DF7F5F8002657DB /* ViewController.m in Sources */ = {isa = PBXBuildFile; fileRef = 5F8605591DF7F5F8002657DB /* ViewController.m */; };
		5F86055D1DF7F5F8002657DB /* Main.storyboard in Resources */ = {isa = PBXBuildFile; fileRef = 5F86055B1DF7F5F8002657DB /* Main.storyboard */; };
		5F86055F1DF7F5F8002657DB /* Assets.xcassets in Resources */ = {isa = PBXBuildFile; fileRef = 5F86055E1DF7F5F8002657DB /* Assets.xcassets */; };
		5F8605621DF7F5F8002657DB /* LaunchScreen.storyboard in Resources */ = {isa = PBXBuildFile; fileRef = 5F8605601DF7F5F8002657DB /* LaunchScreen.storyboard */; };
		5F86056D1DF7F5F8002657DB /* MoreToolTests.m in Sources */ = {isa = PBXBuildFile; fileRef = 5F86056C1DF7F5F8002657DB /* MoreToolTests.m */; };
		5F8605781DF7F5F8002657DB /* MoreToolUITests.m in Sources */ = {isa = PBXBuildFile; fileRef = 5F8605771DF7F5F8002657DB /* MoreToolUITests.m */; };
		5F8605AF1DF805EA002657DB /* IdiomViewController.m in Sources */ = {isa = PBXBuildFile; fileRef = 5F8605AE1DF805EA002657DB /* IdiomViewController.m */; };
		5F8605B21DF8075C002657DB /* QiWenViewController.m in Sources */ = {isa = PBXBuildFile; fileRef = 5F8605B11DF8075C002657DB /* QiWenViewController.m */; };
		5F8605B51DF80913002657DB /* XHViewController.m in Sources */ = {isa = PBXBuildFile; fileRef = 5F8605B41DF80913002657DB /* XHViewController.m */; };
		5F8605B81DF8092D002657DB /* XHTextViewController.m in Sources */ = {isa = PBXBuildFile; fileRef = 5F8605B71DF8092D002657DB /* XHTextViewController.m */; };
		5F8605BB1DF80939002657DB /* XHPicViewController.m in Sources */ = {isa = PBXBuildFile; fileRef = 5F8605BA1DF80939002657DB /* XHPicViewController.m */; };
		5F8605BE1DF80996002657DB /* WXJinxuanViewController.m in Sources */ = {isa = PBXBuildFile; fileRef = 5F8605BD1DF80996002657DB /* WXJinxuanViewController.m */; };
		5F8605C11DF809A2002657DB /* NJViewController.m in Sources */ = {isa = PBXBuildFile; fileRef = 5F8605C01DF809A2002657DB /* NJViewController.m */; };
		5F8605C41DF809AF002657DB /* MYViewController.m in Sources */ = {isa = PBXBuildFile; fileRef = 5F8605C31DF809AF002657DB /* MYViewController.m */; };
		5F8605C71DF809BB002657DB /* JJUViewController.m in Sources */ = {isa = PBXBuildFile; fileRef = 5F8605C61DF809BB002657DB /* JJUViewController.m */; };
		5F8605CA1DF809CD002657DB /* XWNewViewController.m in Sources */ = {isa = PBXBuildFile; fileRef = 5F8605C91DF809CD002657DB /* XWNewViewController.m */; };
		5F8605CD1DF809DD002657DB /* JKaoViewController.m in Sources */ = {isa = PBXBuildFile; fileRef = 5F8605CC1DF809DD002657DB /* JKaoViewController.m */; };
/* End PBXBuildFile section */

/* Begin PBXContainerItemProxy section */
		5F8605691DF7F5F8002657DB /* PBXContainerItemProxy */ = {
			isa = PBXContainerItemProxy;
			containerPortal = 5F8605471DF7F5F8002657DB /* Project object */;
			proxyType = 1;
			remoteGlobalIDString = 5F86054E1DF7F5F8002657DB;
			remoteInfo = MoreTool;
		};
		5F8605741DF7F5F8002657DB /* PBXContainerItemProxy */ = {
			isa = PBXContainerItemProxy;
			containerPortal = 5F8605471DF7F5F8002657DB /* Project object */;
			proxyType = 1;
			remoteGlobalIDString = 5F86054E1DF7F5F8002657DB;
			remoteInfo = MoreTool;
		};
/* End PBXContainerItemProxy section */

/* Begin PBXFileReference section */
		5F6DE9081DF8ED0A00A4809C /* AFHTTPSessionManager.h */ = {isa = PBXFileReference; fileEncoding = 4; lastKnownFileType = sourcecode.c.h; path = AFHTTPSessionManager.h; sourceTree = "<group>"; };
		5F6DE9091DF8ED0A00A4809C /* AFHTTPSessionManager.m */ = {isa = PBXFileReference; fileEncoding = 4; lastKnownFileType = sourcecode.c.objc; path = AFHTTPSessionManager.m; sourceTree = "<group>"; };
		5F6DE90A1DF8ED0A00A4809C /* AFNetworking.h */ = {isa = PBXFileReference; fileEncoding = 4; lastKnownFileType = sourcecode.c.h; path = AFNetworking.h; sourceTree = "<group>"; };
		5F6DE90B1DF8ED0A00A4809C /* AFNetworkReachabilityManager.h */ = {isa = PBXFileReference; fileEncoding = 4; lastKnownFileType = sourcecode.c.h; path = AFNetworkReachabilityManager.h; sourceTree = "<group>"; };
		5F6DE90C1DF8ED0A00A4809C /* AFNetworkReachabilityManager.m */ = {isa = PBXFileReference; fileEncoding = 4; lastKnownFileType = sourcecode.c.objc; path = AFNetworkReachabilityManager.m; sourceTree = "<group>"; };
		5F6DE90D1DF8ED0A00A4809C /* AFSecurityPolicy.h */ = {isa = PBXFileReference; fileEncoding = 4; lastKnownFileType = sourcecode.c.h; path = AFSecurityPolicy.h; sourceTree = "<group>"; };
		5F6DE90E1DF8ED0A00A4809C /* AFSecurityPolicy.m */ = {isa = PBXFileReference; fileEncoding = 4; lastKnownFileType = sourcecode.c.objc; path = AFSecurityPolicy.m; sourceTree = "<group>"; };
		5F6DE90F1DF8ED0A00A4809C /* AFURLRequestSerialization.h */ = {isa = PBXFileReference; fileEncoding = 4; lastKnownFileType = sourcecode.c.h; path = AFURLRequestSerialization.h; sourceTree = "<group>"; };
		5F6DE9101DF8ED0A00A4809C /* AFURLRequestSerialization.m */ = {isa = PBXFileReference; fileEncoding = 4; lastKnownFileType = sourcecode.c.objc; path = AFURLRequestSerialization.m; sourceTree = "<group>"; };
		5F6DE9111DF8ED0A00A4809C /* AFURLResponseSerialization.h */ = {isa = PBXFileReference; fileEncoding = 4; lastKnownFileType = sourcecode.c.h; path = AFURLResponseSerialization.h; sourceTree = "<group>"; };
		5F6DE9121DF8ED0A00A4809C /* AFURLResponseSerialization.m */ = {isa = PBXFileReference; fileEncoding = 4; lastKnownFileType = sourcecode.c.objc; path = AFURLResponseSerialization.m; sourceTree = "<group>"; };
		5F6DE9131DF8ED0A00A4809C /* AFURLSessionManager.h */ = {isa = PBXFileReference; fileEncoding = 4; lastKnownFileType = sourcecode.c.h; path = AFURLSessionManager.h; sourceTree = "<group>"; };
		5F6DE9141DF8ED0A00A4809C /* AFURLSessionManager.m */ = {isa = PBXFileReference; fileEncoding = 4; lastKnownFileType = sourcecode.c.objc; path = AFURLSessionManager.m; sourceTree = "<group>"; };
		5F6DE9161DF8ED0A00A4809C /* AFAutoPurgingImageCache.h */ = {isa = PBXFileReference; fileEncoding = 4; lastKnownFileType = sourcecode.c.h; path = AFAutoPurgingImageCache.h; sourceTree = "<group>"; };
		5F6DE9171DF8ED0A00A4809C /* AFAutoPurgingImageCache.m */ = {isa = PBXFileReference; fileEncoding = 4; lastKnownFileType = sourcecode.c.objc; path = AFAutoPurgingImageCache.m; sourceTree = "<group>"; };
		5F6DE9181DF8ED0A00A4809C /* AFImageDownloader.h */ = {isa = PBXFileReference; fileEncoding = 4; lastKnownFileType = sourcecode.c.h; path = AFImageDownloader.h; sourceTree = "<group>"; };
		5F6DE9191DF8ED0A00A4809C /* AFImageDownloader.m */ = {isa = PBXFileReference; fileEncoding = 4; lastKnownFileType = sourcecode.c.objc; path = AFImageDownloader.m; sourceTree = "<group>"; };
		5F6DE91A1DF8ED0A00A4809C /* AFNetworkActivityIndicatorManager.h */ = {isa = PBXFileReference; fileEncoding = 4; lastKnownFileType = sourcecode.c.h; path = AFNetworkActivityIndicatorManager.h; sourceTree = "<group>"; };
		5F6DE91B1DF8ED0A00A4809C /* AFNetworkActivityIndicatorManager.m */ = {isa = PBXFileReference; fileEncoding = 4; lastKnownFileType = sourcecode.c.objc; path = AFNetworkActivityIndicatorManager.m; sourceTree = "<group>"; };
		5F6DE91C1DF8ED0A00A4809C /* UIActivityIndicatorView+AFNetworking.h */ = {isa = PBXFileReference; fileEncoding = 4; lastKnownFileType = sourcecode.c.h; path = "UIActivityIndicatorView+AFNetworking.h"; sourceTree = "<group>"; };
		5F6DE91D1DF8ED0A00A4809C /* UIActivityIndicatorView+AFNetworking.m */ = {isa = PBXFileReference; fileEncoding = 4; lastKnownFileType = sourcecode.c.objc; path = "UIActivityIndicatorView+AFNetworking.m"; sourceTree = "<group>"; };
		5F6DE91E1DF8ED0A00A4809C /* UIButton+AFNetworking.h */ = {isa = PBXFileReference; fileEncoding = 4; lastKnownFileType = sourcecode.c.h; path = "UIButton+AFNetworking.h"; sourceTree = "<group>"; };
		5F6DE91F1DF8ED0A00A4809C /* UIButton+AFNetworking.m */ = {isa = PBXFileReference; fileEncoding = 4; lastKnownFileType = sourcecode.c.objc; path = "UIButton+AFNetworking.m"; sourceTree = "<group>"; };
		5F6DE9201DF8ED0A00A4809C /* UIImage+AFNetworking.h */ = {isa = PBXFileReference; fileEncoding = 4; lastKnownFileType = sourcecode.c.h; path = "UIImage+AFNetworking.h"; sourceTree = "<group>"; };
		5F6DE9211DF8ED0A00A4809C /* UIImageView+AFNetworking.h */ = {isa = PBXFileReference; fileEncoding = 4; lastKnownFileType = sourcecode.c.h; path = "UIImageView+AFNetworking.h"; sourceTree = "<group>"; };
		5F6DE9221DF8ED0A00A4809C /* UIImageView+AFNetworking.m */ = {isa = PBXFileReference; fileEncoding = 4; lastKnownFileType = sourcecode.c.objc; path = "UIImageView+AFNetworking.m"; sourceTree = "<group>"; };
		5F6DE9231DF8ED0A00A4809C /* UIKit+AFNetworking.h */ = {isa = PBXFileReference; fileEncoding = 4; lastKnownFileType = sourcecode.c.h; path = "UIKit+AFNetworking.h"; sourceTree = "<group>"; };
		5F6DE9241DF8ED0A00A4809C /* UIProgressView+AFNetworking.h */ = {isa = PBXFileReference; fileEncoding = 4; lastKnownFileType = sourcecode.c.h; path = "UIProgressView+AFNetworking.h"; sourceTree = "<group>"; };
		5F6DE9251DF8ED0A00A4809C /* UIProgressView+AFNetworking.m */ = {isa = PBXFileReference; fileEncoding = 4; lastKnownFileType = sourcecode.c.objc; path = "UIProgressView+AFNetworking.m"; sourceTree = "<group>"; };
		5F6DE9261DF8ED0A00A4809C /* UIRefreshControl+AFNetworking.h */ = {isa = PBXFileReference; fileEncoding = 4; lastKnownFileType = sourcecode.c.h; path = "UIRefreshControl+AFNetworking.h"; sourceTree = "<group>"; };
		5F6DE9271DF8ED0A00A4809C /* UIRefreshControl+AFNetworking.m */ = {isa = PBXFileReference; fileEncoding = 4; lastKnownFileType = sourcecode.c.objc; path = "UIRefreshControl+AFNetworking.m"; sourceTree = "<group>"; };
		5F6DE9281DF8ED0A00A4809C /* UIWebView+AFNetworking.h */ = {isa = PBXFileReference; fileEncoding = 4; lastKnownFileType = sourcecode.c.h; path = "UIWebView+AFNetworking.h"; sourceTree = "<group>"; };
		5F6DE9291DF8ED0A00A4809C /* UIWebView+AFNetworking.m */ = {isa = PBXFileReference; fileEncoding = 4; lastKnownFileType = sourcecode.c.objc; path = "UIWebView+AFNetworking.m"; sourceTree = "<group>"; };
		5F6DE93A1DF8ED8D00A4809C /* YYCache.h */ = {isa = PBXFileReference; fileEncoding = 4; lastKnownFileType = sourcecode.c.h; path = YYCache.h; sourceTree = "<group>"; };
		5F6DE93B1DF8ED8D00A4809C /* YYCache.m */ = {isa = PBXFileReference; fileEncoding = 4; lastKnownFileType = sourcecode.c.objc; path = YYCache.m; sourceTree = "<group>"; };
		5F6DE93C1DF8ED8D00A4809C /* YYDiskCache.h */ = {isa = PBXFileReference; fileEncoding = 4; lastKnownFileType = sourcecode.c.h; path = YYDiskCache.h; sourceTree = "<group>"; };
		5F6DE93D1DF8ED8D00A4809C /* YYDiskCache.m */ = {isa = PBXFileReference; fileEncoding = 4; lastKnownFileType = sourcecode.c.objc; path = YYDiskCache.m; sourceTree = "<group>"; };
		5F6DE93E1DF8ED8D00A4809C /* YYKVStorage.h */ = {isa = PBXFileReference; fileEncoding = 4; lastKnownFileType = sourcecode.c.h; path = YYKVStorage.h; sourceTree = "<group>"; };
		5F6DE93F1DF8ED8D00A4809C /* YYKVStorage.m */ = {isa = PBXFileReference; fileEncoding = 4; lastKnownFileType = sourcecode.c.objc; path = YYKVStorage.m; sourceTree = "<group>"; };
		5F6DE9401DF8ED8D00A4809C /* YYMemoryCache.h */ = {isa = PBXFileReference; fileEncoding = 4; lastKnownFileType = sourcecode.c.h; path = YYMemoryCache.h; sourceTree = "<group>"; };
		5F6DE9411DF8ED8D00A4809C /* YYMemoryCache.m */ = {isa = PBXFileReference; fileEncoding = 4; lastKnownFileType = sourcecode.c.objc; path = YYMemoryCache.m; sourceTree = "<group>"; };
		5F6DE9471DF8EED400A4809C /* PPNetworkCache.h */ = {isa = PBXFileReference; fileEncoding = 4; lastKnownFileType = sourcecode.c.h; path = PPNetworkCache.h; sourceTree = "<group>"; };
		5F6DE9481DF8EED400A4809C /* PPNetworkCache.m */ = {isa = PBXFileReference; fileEncoding = 4; lastKnownFileType = sourcecode.c.objc; path = PPNetworkCache.m; sourceTree = "<group>"; };
		5F6DE9491DF8EED400A4809C /* PPNetworkHelper.h */ = {isa = PBXFileReference; fileEncoding = 4; lastKnownFileType = sourcecode.c.h; path = PPNetworkHelper.h; sourceTree = "<group>"; };
		5F6DE94A1DF8EED400A4809C /* PPNetworkHelper.m */ = {isa = PBXFileReference; fileEncoding = 4; lastKnownFileType = sourcecode.c.objc; path = PPNetworkHelper.m; sourceTree = "<group>"; };
		5F6DE94E1DF8FC2900A4809C /* libsqlite3.0.tbd */ = {isa = PBXFileReference; lastKnownFileType = "sourcecode.text-based-dylib-definition"; name = libsqlite3.0.tbd; path = usr/lib/libsqlite3.0.tbd; sourceTree = SDKROOT; };
		5F6DE9501DF8FD4800A4809C /* XHTextModel.h */ = {isa = PBXFileReference; fileEncoding = 4; lastKnownFileType = sourcecode.c.h; path = XHTextModel.h; sourceTree = "<group>"; };
		5F6DE9511DF8FD4800A4809C /* XHTextModel.m */ = {isa = PBXFileReference; fileEncoding = 4; lastKnownFileType = sourcecode.c.objc; path = XHTextModel.m; sourceTree = "<group>"; };
		5F6DE9531DF8FD5600A4809C /* XHPicModel.h */ = {isa = PBXFileReference; fileEncoding = 4; lastKnownFileType = sourcecode.c.h; path = XHPicModel.h; sourceTree = "<group>"; };
		5F6DE9541DF8FD5600A4809C /* XHPicModel.m */ = {isa = PBXFileReference; fileEncoding = 4; lastKnownFileType = sourcecode.c.objc; path = XHPicModel.m; sourceTree = "<group>"; };
		5F6DE95C1DF908A600A4809C /* XHTextTableViewCell.h */ = {isa = PBXFileReference; fileEncoding = 4; lastKnownFileType = sourcecode.c.h; path = XHTextTableViewCell.h; sourceTree = "<group>"; };
		5F6DE95D1DF908A600A4809C /* XHTextTableViewCell.m */ = {isa = PBXFileReference; fileEncoding = 4; lastKnownFileType = sourcecode.c.objc; path = XHTextTableViewCell.m; sourceTree = "<group>"; };
		5F6DE95E1DF908A600A4809C /* XHTextTableViewCell.xib */ = {isa = PBXFileReference; fileEncoding = 4; lastKnownFileType = file.xib; path = XHTextTableViewCell.xib; sourceTree = "<group>"; };
		5F6DE9611DF908C800A4809C /* XHPicTableViewCell.h */ = {isa = PBXFileReference; fileEncoding = 4; lastKnownFileType = sourcecode.c.h; path = XHPicTableViewCell.h; sourceTree = "<group>"; };
		5F6DE9621DF908C800A4809C /* XHPicTableViewCell.m */ = {isa = PBXFileReference; fileEncoding = 4; lastKnownFileType = sourcecode.c.objc; path = XHPicTableViewCell.m; sourceTree = "<group>"; };
		5F6DE9631DF908C800A4809C /* XHPicTableViewCell.xib */ = {isa = PBXFileReference; fileEncoding = 4; lastKnownFileType = file.xib; path = XHPicTableViewCell.xib; sourceTree = "<group>"; };
		5F6DE9671DF90BC800A4809C /* DealTheDataForLabel.h */ = {isa = PBXFileReference; fileEncoding = 4; lastKnownFileType = sourcecode.c.h; path = DealTheDataForLabel.h; sourceTree = "<group>"; };
		5F6DE9681DF90BC800A4809C /* DealTheDataForLabel.m */ = {isa = PBXFileReference; fileEncoding = 4; lastKnownFileType = sourcecode.c.objc; path = DealTheDataForLabel.m; sourceTree = "<group>"; };
		5F86054F1DF7F5F8002657DB /* MoreTool.app */ = {isa = PBXFileReference; explicitFileType = wrapper.application; includeInIndex = 0; path = MoreTool.app; sourceTree = BUILT_PRODUCTS_DIR; };
		5F8605531DF7F5F8002657DB /* main.m */ = {isa = PBXFileReference; lastKnownFileType = sourcecode.c.objc; path = main.m; sourceTree = "<group>"; };
		5F8605551DF7F5F8002657DB /* AppDelegate.h */ = {isa = PBXFileReference; lastKnownFileType = sourcecode.c.h; path = AppDelegate.h; sourceTree = "<group>"; };
		5F8605561DF7F5F8002657DB /* AppDelegate.m */ = {isa = PBXFileReference; lastKnownFileType = sourcecode.c.objc; path = AppDelegate.m; sourceTree = "<group>"; };
		5F8605581DF7F5F8002657DB /* ViewController.h */ = {isa = PBXFileReference; lastKnownFileType = sourcecode.c.h; path = ViewController.h; sourceTree = "<group>"; };
		5F8605591DF7F5F8002657DB /* ViewController.m */ = {isa = PBXFileReference; lastKnownFileType = sourcecode.c.objc; path = ViewController.m; sourceTree = "<group>"; };
		5F86055C1DF7F5F8002657DB /* Base */ = {isa = PBXFileReference; lastKnownFileType = file.storyboard; name = Base; path = Base.lproj/Main.storyboard; sourceTree = "<group>"; };
		5F86055E1DF7F5F8002657DB /* Assets.xcassets */ = {isa = PBXFileReference; lastKnownFileType = folder.assetcatalog; path = Assets.xcassets; sourceTree = "<group>"; };
		5F8605611DF7F5F8002657DB /* Base */ = {isa = PBXFileReference; lastKnownFileType = file.storyboard; name = Base; path = Base.lproj/LaunchScreen.storyboard; sourceTree = "<group>"; };
		5F8605631DF7F5F8002657DB /* Info.plist */ = {isa = PBXFileReference; lastKnownFileType = text.plist.xml; path = Info.plist; sourceTree = "<group>"; };
		5F8605681DF7F5F8002657DB /* MoreToolTests.xctest */ = {isa = PBXFileReference; explicitFileType = wrapper.cfbundle; includeInIndex = 0; path = MoreToolTests.xctest; sourceTree = BUILT_PRODUCTS_DIR; };
		5F86056C1DF7F5F8002657DB /* MoreToolTests.m */ = {isa = PBXFileReference; lastKnownFileType = sourcecode.c.objc; path = MoreToolTests.m; sourceTree = "<group>"; };
		5F86056E1DF7F5F8002657DB /* Info.plist */ = {isa = PBXFileReference; lastKnownFileType = text.plist.xml; path = Info.plist; sourceTree = "<group>"; };
		5F8605731DF7F5F8002657DB /* MoreToolUITests.xctest */ = {isa = PBXFileReference; explicitFileType = wrapper.cfbundle; includeInIndex = 0; path = MoreToolUITests.xctest; sourceTree = BUILT_PRODUCTS_DIR; };
		5F8605771DF7F5F8002657DB /* MoreToolUITests.m */ = {isa = PBXFileReference; lastKnownFileType = sourcecode.c.objc; path = MoreToolUITests.m; sourceTree = "<group>"; };
		5F8605791DF7F5F8002657DB /* Info.plist */ = {isa = PBXFileReference; lastKnownFileType = text.plist.xml; path = Info.plist; sourceTree = "<group>"; };
		5F8605851DF7F79D002657DB /* MoreTool.pch */ = {isa = PBXFileReference; fileEncoding = 4; lastKnownFileType = sourcecode.c.h; path = MoreTool.pch; sourceTree = "<group>"; };
		5F8605881DF7FCFB002657DB /* Configure.h */ = {isa = PBXFileReference; fileEncoding = 4; lastKnownFileType = sourcecode.c.h; path = Configure.h; sourceTree = "<group>"; };
		5F8605AD1DF805EA002657DB /* IdiomViewController.h */ = {isa = PBXFileReference; fileEncoding = 4; lastKnownFileType = sourcecode.c.h; path = IdiomViewController.h; sourceTree = "<group>"; };
		5F8605AE1DF805EA002657DB /* IdiomViewController.m */ = {isa = PBXFileReference; fileEncoding = 4; lastKnownFileType = sourcecode.c.objc; path = IdiomViewController.m; sourceTree = "<group>"; };
		5F8605B01DF8075C002657DB /* QiWenViewController.h */ = {isa = PBXFileReference; fileEncoding = 4; lastKnownFileType = sourcecode.c.h; path = QiWenViewController.h; sourceTree = "<group>"; };
		5F8605B11DF8075C002657DB /* QiWenViewController.m */ = {isa = PBXFileReference; fileEncoding = 4; lastKnownFileType = sourcecode.c.objc; path = QiWenViewController.m; sourceTree = "<group>"; };
		5F8605B31DF80913002657DB /* XHViewController.h */ = {isa = PBXFileReference; fileEncoding = 4; lastKnownFileType = sourcecode.c.h; path = XHViewController.h; sourceTree = "<group>"; };
		5F8605B41DF80913002657DB /* XHViewController.m */ = {isa = PBXFileReference; fileEncoding = 4; lastKnownFileType = sourcecode.c.objc; path = XHViewController.m; sourceTree = "<group>"; };
		5F8605B61DF8092D002657DB /* XHTextViewController.h */ = {isa = PBXFileReference; fileEncoding = 4; lastKnownFileType = sourcecode.c.h; path = XHTextViewController.h; sourceTree = "<group>"; };
		5F8605B71DF8092D002657DB /* XHTextViewController.m */ = {isa = PBXFileReference; fileEncoding = 4; lastKnownFileType = sourcecode.c.objc; path = XHTextViewController.m; sourceTree = "<group>"; };
		5F8605B91DF80939002657DB /* XHPicViewController.h */ = {isa = PBXFileReference; fileEncoding = 4; lastKnownFileType = sourcecode.c.h; path = XHPicViewController.h; sourceTree = "<group>"; };
		5F8605BA1DF80939002657DB /* XHPicViewController.m */ = {isa = PBXFileReference; fileEncoding = 4; lastKnownFileType = sourcecode.c.objc; path = XHPicViewController.m; sourceTree = "<group>"; };
		5F8605BC1DF80996002657DB /* WXJinxuanViewController.h */ = {isa = PBXFileReference; fileEncoding = 4; lastKnownFileType = sourcecode.c.h; path = WXJinxuanViewController.h; sourceTree = "<group>"; };
		5F8605BD1DF80996002657DB /* WXJinxuanViewController.m */ = {isa = PBXFileReference; fileEncoding = 4; lastKnownFileType = sourcecode.c.objc; path = WXJinxuanViewController.m; sourceTree = "<group>"; };
		5F8605BF1DF809A2002657DB /* NJViewController.h */ = {isa = PBXFileReference; fileEncoding = 4; lastKnownFileType = sourcecode.c.h; path = NJViewController.h; sourceTree = "<group>"; };
		5F8605C01DF809A2002657DB /* NJViewController.m */ = {isa = PBXFileReference; fileEncoding = 4; lastKnownFileType = sourcecode.c.objc; path = NJViewController.m; sourceTree = "<group>"; };
		5F8605C21DF809AF002657DB /* MYViewController.h */ = {isa = PBXFileReference; fileEncoding = 4; lastKnownFileType = sourcecode.c.h; path = MYViewController.h; sourceTree = "<group>"; };
		5F8605C31DF809AF002657DB /* MYViewController.m */ = {isa = PBXFileReference; fileEncoding = 4; lastKnownFileType = sourcecode.c.objc; path = MYViewController.m; sourceTree = "<group>"; };
		5F8605C51DF809BB002657DB /* JJUViewController.h */ = {isa = PBXFileReference; fileEncoding = 4; lastKnownFileType = sourcecode.c.h; path = JJUViewController.h; sourceTree = "<group>"; };
		5F8605C61DF809BB002657DB /* JJUViewController.m */ = {isa = PBXFileReference; fileEncoding = 4; lastKnownFileType = sourcecode.c.objc; path = JJUViewController.m; sourceTree = "<group>"; };
		5F8605C81DF809CD002657DB /* XWNewViewController.h */ = {isa = PBXFileReference; fileEncoding = 4; lastKnownFileType = sourcecode.c.h; path = XWNewViewController.h; sourceTree = "<group>"; };
		5F8605C91DF809CD002657DB /* XWNewViewController.m */ = {isa = PBXFileReference; fileEncoding = 4; lastKnownFileType = sourcecode.c.objc; path = XWNewViewController.m; sourceTree = "<group>"; };
		5F8605CB1DF809DD002657DB /* JKaoViewController.h */ = {isa = PBXFileReference; fileEncoding = 4; lastKnownFileType = sourcecode.c.h; path = JKaoViewController.h; sourceTree = "<group>"; };
		5F8605CC1DF809DD002657DB /* JKaoViewController.m */ = {isa = PBXFileReference; fileEncoding = 4; lastKnownFileType = sourcecode.c.objc; path = JKaoViewController.m; sourceTree = "<group>"; };
/* End PBXFileReference section */

/* Begin PBXFrameworksBuildPhase section */
		5F86054C1DF7F5F8002657DB /* Frameworks */ = {
			isa = PBXFrameworksBuildPhase;
			buildActionMask = 2147483647;
			files = (
				5F6DE94F1DF8FC2900A4809C /* libsqlite3.0.tbd in Frameworks */,
			);
			runOnlyForDeploymentPostprocessing = 0;
		};
		5F8605651DF7F5F8002657DB /* Frameworks */ = {
			isa = PBXFrameworksBuildPhase;
			buildActionMask = 2147483647;
			files = (
			);
			runOnlyForDeploymentPostprocessing = 0;
		};
		5F8605701DF7F5F8002657DB /* Frameworks */ = {
			isa = PBXFrameworksBuildPhase;
			buildActionMask = 2147483647;
			files = (
			);
			runOnlyForDeploymentPostprocessing = 0;
		};
/* End PBXFrameworksBuildPhase section */

/* Begin PBXGroup section */
		5F6DE9061DF8ECF900A4809C /* Lib */ = {
			isa = PBXGroup;
			children = (
				5F6DE9461DF8EED400A4809C /* PPNetworkHelper */,
				5F6DE9391DF8ED8D00A4809C /* YYCache */,
				5F6DE9071DF8ED0A00A4809C /* AFNetworking */,
				5F6DE9151DF8ED0A00A4809C /* UIKit+AFNetworking */,
			);
			path = Lib;
			sourceTree = "<group>";
		};
		5F6DE9071DF8ED0A00A4809C /* AFNetworking */ = {
			isa = PBXGroup;
			children = (
				5F6DE9081DF8ED0A00A4809C /* AFHTTPSessionManager.h */,
				5F6DE9091DF8ED0A00A4809C /* AFHTTPSessionManager.m */,
				5F6DE90A1DF8ED0A00A4809C /* AFNetworking.h */,
				5F6DE90B1DF8ED0A00A4809C /* AFNetworkReachabilityManager.h */,
				5F6DE90C1DF8ED0A00A4809C /* AFNetworkReachabilityManager.m */,
				5F6DE90D1DF8ED0A00A4809C /* AFSecurityPolicy.h */,
				5F6DE90E1DF8ED0A00A4809C /* AFSecurityPolicy.m */,
				5F6DE90F1DF8ED0A00A4809C /* AFURLRequestSerialization.h */,
				5F6DE9101DF8ED0A00A4809C /* AFURLRequestSerialization.m */,
				5F6DE9111DF8ED0A00A4809C /* AFURLResponseSerialization.h */,
				5F6DE9121DF8ED0A00A4809C /* AFURLResponseSerialization.m */,
				5F6DE9131DF8ED0A00A4809C /* AFURLSessionManager.h */,
				5F6DE9141DF8ED0A00A4809C /* AFURLSessionManager.m */,
			);
			path = AFNetworking;
			sourceTree = "<group>";
		};
		5F6DE9151DF8ED0A00A4809C /* UIKit+AFNetworking */ = {
			isa = PBXGroup;
			children = (
				5F6DE9161DF8ED0A00A4809C /* AFAutoPurgingImageCache.h */,
				5F6DE9171DF8ED0A00A4809C /* AFAutoPurgingImageCache.m */,
				5F6DE9181DF8ED0A00A4809C /* AFImageDownloader.h */,
				5F6DE9191DF8ED0A00A4809C /* AFImageDownloader.m */,
				5F6DE91A1DF8ED0A00A4809C /* AFNetworkActivityIndicatorManager.h */,
				5F6DE91B1DF8ED0A00A4809C /* AFNetworkActivityIndicatorManager.m */,
				5F6DE91C1DF8ED0A00A4809C /* UIActivityIndicatorView+AFNetworking.h */,
				5F6DE91D1DF8ED0A00A4809C /* UIActivityIndicatorView+AFNetworking.m */,
				5F6DE91E1DF8ED0A00A4809C /* UIButton+AFNetworking.h */,
				5F6DE91F1DF8ED0A00A4809C /* UIButton+AFNetworking.m */,
				5F6DE9201DF8ED0A00A4809C /* UIImage+AFNetworking.h */,
				5F6DE9211DF8ED0A00A4809C /* UIImageView+AFNetworking.h */,
				5F6DE9221DF8ED0A00A4809C /* UIImageView+AFNetworking.m */,
				5F6DE9231DF8ED0A00A4809C /* UIKit+AFNetworking.h */,
				5F6DE9241DF8ED0A00A4809C /* UIProgressView+AFNetworking.h */,
				5F6DE9251DF8ED0A00A4809C /* UIProgressView+AFNetworking.m */,
				5F6DE9261DF8ED0A00A4809C /* UIRefreshControl+AFNetworking.h */,
				5F6DE9271DF8ED0A00A4809C /* UIRefreshControl+AFNetworking.m */,
				5F6DE9281DF8ED0A00A4809C /* UIWebView+AFNetworking.h */,
				5F6DE9291DF8ED0A00A4809C /* UIWebView+AFNetworking.m */,
			);
			path = "UIKit+AFNetworking";
			sourceTree = "<group>";
		};
		5F6DE9391DF8ED8D00A4809C /* YYCache */ = {
			isa = PBXGroup;
			children = (
				5F6DE93A1DF8ED8D00A4809C /* YYCache.h */,
				5F6DE93B1DF8ED8D00A4809C /* YYCache.m */,
				5F6DE93C1DF8ED8D00A4809C /* YYDiskCache.h */,
				5F6DE93D1DF8ED8D00A4809C /* YYDiskCache.m */,
				5F6DE93E1DF8ED8D00A4809C /* YYKVStorage.h */,
				5F6DE93F1DF8ED8D00A4809C /* YYKVStorage.m */,
				5F6DE9401DF8ED8D00A4809C /* YYMemoryCache.h */,
				5F6DE9411DF8ED8D00A4809C /* YYMemoryCache.m */,
			);
			path = YYCache;
			sourceTree = "<group>";
		};
		5F6DE9461DF8EED400A4809C /* PPNetworkHelper */ = {
			isa = PBXGroup;
			children = (
				5F6DE9471DF8EED400A4809C /* PPNetworkCache.h */,
				5F6DE9481DF8EED400A4809C /* PPNetworkCache.m */,
				5F6DE9491DF8EED400A4809C /* PPNetworkHelper.h */,
				5F6DE94A1DF8EED400A4809C /* PPNetworkHelper.m */,
			);
			path = PPNetworkHelper;
			sourceTree = "<group>";
		};
		5F6DE94D1DF8FC2900A4809C /* Frameworks */ = {
			isa = PBXGroup;
			children = (
				5F6DE94E1DF8FC2900A4809C /* libsqlite3.0.tbd */,
			);
			name = Frameworks;
			sourceTree = "<group>";
		};
		5F6DE9661DF90B9B00A4809C /* Util */ = {
			isa = PBXGroup;
			children = (
				5F6DE9671DF90BC800A4809C /* DealTheDataForLabel.h */,
				5F6DE9681DF90BC800A4809C /* DealTheDataForLabel.m */,
			);
			path = Util;
			sourceTree = "<group>";
		};
		5F8605461DF7F5F8002657DB = {
			isa = PBXGroup;
			children = (
				5F8605511DF7F5F8002657DB /* MoreTool */,
				5F86056B1DF7F5F8002657DB /* MoreToolTests */,
				5F8605761DF7F5F8002657DB /* MoreToolUITests */,
				5F8605501DF7F5F8002657DB /* Products */,
				5F6DE94D1DF8FC2900A4809C /* Frameworks */,
			);
			sourceTree = "<group>";
		};
		5F8605501DF7F5F8002657DB /* Products */ = {
			isa = PBXGroup;
			children = (
				5F86054F1DF7F5F8002657DB /* MoreTool.app */,
				5F8605681DF7F5F8002657DB /* MoreToolTests.xctest */,
				5F8605731DF7F5F8002657DB /* MoreToolUITests.xctest */,
			);
			name = Products;
			sourceTree = "<group>";
		};
		5F8605511DF7F5F8002657DB /* MoreTool */ = {
			isa = PBXGroup;
			children = (
				5F6DE9661DF90B9B00A4809C /* Util */,
				5F6DE9061DF8ECF900A4809C /* Lib */,
				5F8605861DF7F7DD002657DB /* Controllers */,
				5F8605551DF7F5F8002657DB /* AppDelegate.h */,
				5F8605561DF7F5F8002657DB /* AppDelegate.m */,
				5F8605581DF7F5F8002657DB /* ViewController.h */,
				5F8605591DF7F5F8002657DB /* ViewController.m */,
				5F86055B1DF7F5F8002657DB /* Main.storyboard */,
				5F86055E1DF7F5F8002657DB /* Assets.xcassets */,
				5F8605601DF7F5F8002657DB /* LaunchScreen.storyboard */,
				5F8605631DF7F5F8002657DB /* Info.plist */,
				5F8605521DF7F5F8002657DB /* Supporting Files */,
			);
			path = MoreTool;
			sourceTree = "<group>";
		};
		5F8605521DF7F5F8002657DB /* Supporting Files */ = {
			isa = PBXGroup;
			children = (
				5F8605531DF7F5F8002657DB /* main.m */,
				5F8605851DF7F79D002657DB /* MoreTool.pch */,
			);
			name = "Supporting Files";
			sourceTree = "<group>";
		};
		5F86056B1DF7F5F8002657DB /* MoreToolTests */ = {
			isa = PBXGroup;
			children = (
				5F86056C1DF7F5F8002657DB /* MoreToolTests.m */,
				5F86056E1DF7F5F8002657DB /* Info.plist */,
			);
			path = MoreToolTests;
			sourceTree = "<group>";
		};
		5F8605761DF7F5F8002657DB /* MoreToolUITests */ = {
			isa = PBXGroup;
			children = (
				5F8605771DF7F5F8002657DB /* MoreToolUITests.m */,
				5F8605791DF7F5F8002657DB /* Info.plist */,
			);
			path = MoreToolUITests;
			sourceTree = "<group>";
		};
		5F8605861DF7F7DD002657DB /* Controllers */ = {
			isa = PBXGroup;
			children = (
				5F8605911DF80247002657DB /* jingju */,
				5F8605951DF80247002657DB /* mingyan */,
				5F8605991DF80247002657DB /* naojin */,
				5F86059D1DF80247002657DB /* qiwen */,
				5F8605A11DF80247002657DB /* weixin */,
				5F8605A51DF80247002657DB /* xiaohua */,
				5F8605A91DF80247002657DB /* xinwen */,
				5F86058D1DF8023D002657DB /* jiakao */,
				5F8605891DF80236002657DB /* chengyu */,
				5F8605881DF7FCFB002657DB /* Configure.h */,
			);
			path = Controllers;
			sourceTree = "<group>";
		};
		5F8605891DF80236002657DB /* chengyu */ = {
			isa = PBXGroup;
			children = (
				5F86058A1DF80236002657DB /* controller */,
				5F86058B1DF80236002657DB /* model */,
				5F86058C1DF80236002657DB /* view */,
			);
			path = chengyu;
			sourceTree = "<group>";
		};
		5F86058A1DF80236002657DB /* controller */ = {
			isa = PBXGroup;
			children = (
				5F8605AD1DF805EA002657DB /* IdiomViewController.h */,
				5F8605AE1DF805EA002657DB /* IdiomViewController.m */,
			);
			path = controller;
			sourceTree = "<group>";
		};
		5F86058B1DF80236002657DB /* model */ = {
			isa = PBXGroup;
			children = (
			);
			path = model;
			sourceTree = "<group>";
		};
		5F86058C1DF80236002657DB /* view */ = {
			isa = PBXGroup;
			children = (
			);
			path = view;
			sourceTree = "<group>";
		};
		5F86058D1DF8023D002657DB /* jiakao */ = {
			isa = PBXGroup;
			children = (
				5F86058E1DF8023D002657DB /* controller */,
				5F86058F1DF8023D002657DB /* model */,
				5F8605901DF8023D002657DB /* view */,
			);
			path = jiakao;
			sourceTree = "<group>";
		};
		5F86058E1DF8023D002657DB /* controller */ = {
			isa = PBXGroup;
			children = (
				5F8605CB1DF809DD002657DB /* JKaoViewController.h */,
				5F8605CC1DF809DD002657DB /* JKaoViewController.m */,
			);
			path = controller;
			sourceTree = "<group>";
		};
		5F86058F1DF8023D002657DB /* model */ = {
			isa = PBXGroup;
			children = (
			);
			path = model;
			sourceTree = "<group>";
		};
		5F8605901DF8023D002657DB /* view */ = {
			isa = PBXGroup;
			children = (
			);
			path = view;
			sourceTree = "<group>";
		};
		5F8605911DF80247002657DB /* jingju */ = {
			isa = PBXGroup;
			children = (
				5F8605921DF80247002657DB /* controller */,
				5F8605931DF80247002657DB /* model */,
				5F8605941DF80247002657DB /* view */,
			);
			path = jingju;
			sourceTree = "<group>";
		};
		5F8605921DF80247002657DB /* controller */ = {
			isa = PBXGroup;
			children = (
				5F8605C51DF809BB002657DB /* JJUViewController.h */,
				5F8605C61DF809BB002657DB /* JJUViewController.m */,
			);
			path = controller;
			sourceTree = "<group>";
		};
		5F8605931DF80247002657DB /* model */ = {
			isa = PBXGroup;
			children = (
			);
			path = model;
			sourceTree = "<group>";
		};
		5F8605941DF80247002657DB /* view */ = {
			isa = PBXGroup;
			children = (
			);
			path = view;
			sourceTree = "<group>";
		};
		5F8605951DF80247002657DB /* mingyan */ = {
			isa = PBXGroup;
			children = (
				5F8605961DF80247002657DB /* controller */,
				5F8605971DF80247002657DB /* model */,
				5F8605981DF80247002657DB /* view */,
			);
			path = mingyan;
			sourceTree = "<group>";
		};
		5F8605961DF80247002657DB /* controller */ = {
			isa = PBXGroup;
			children = (
				5F8605C21DF809AF002657DB /* MYViewController.h */,
				5F8605C31DF809AF002657DB /* MYViewController.m */,
			);
			path = controller;
			sourceTree = "<group>";
		};
		5F8605971DF80247002657DB /* model */ = {
			isa = PBXGroup;
			children = (
			);
			path = model;
			sourceTree = "<group>";
		};
		5F8605981DF80247002657DB /* view */ = {
			isa = PBXGroup;
			children = (
			);
			path = view;
			sourceTree = "<group>";
		};
		5F8605991DF80247002657DB /* naojin */ = {
			isa = PBXGroup;
			children = (
				5F86059A1DF80247002657DB /* controller */,
				5F86059B1DF80247002657DB /* model */,
				5F86059C1DF80247002657DB /* view */,
			);
			path = naojin;
			sourceTree = "<group>";
		};
		5F86059A1DF80247002657DB /* controller */ = {
			isa = PBXGroup;
			children = (
				5F8605BF1DF809A2002657DB /* NJViewController.h */,
				5F8605C01DF809A2002657DB /* NJViewController.m */,
			);
			path = controller;
			sourceTree = "<group>";
		};
		5F86059B1DF80247002657DB /* model */ = {
			isa = PBXGroup;
			children = (
			);
			path = model;
			sourceTree = "<group>";
		};
		5F86059C1DF80247002657DB /* view */ = {
			isa = PBXGroup;
			children = (
			);
			path = view;
			sourceTree = "<group>";
		};
		5F86059D1DF80247002657DB /* qiwen */ = {
			isa = PBXGroup;
			children = (
				5F86059E1DF80247002657DB /* controller */,
				5F86059F1DF80247002657DB /* model */,
				5F8605A01DF80247002657DB /* view */,
			);
			path = qiwen;
			sourceTree = "<group>";
		};
		5F86059E1DF80247002657DB /* controller */ = {
			isa = PBXGroup;
			children = (
				5F8605B01DF8075C002657DB /* QiWenViewController.h */,
				5F8605B11DF8075C002657DB /* QiWenViewController.m */,
			);
			path = controller;
			sourceTree = "<group>";
		};
		5F86059F1DF80247002657DB /* model */ = {
			isa = PBXGroup;
			children = (
			);
			path = model;
			sourceTree = "<group>";
		};
		5F8605A01DF80247002657DB /* view */ = {
			isa = PBXGroup;
			children = (
			);
			path = view;
			sourceTree = "<group>";
		};
		5F8605A11DF80247002657DB /* weixin */ = {
			isa = PBXGroup;
			children = (
				5F8605A21DF80247002657DB /* controller */,
				5F8605A31DF80247002657DB /* model */,
				5F8605A41DF80247002657DB /* view */,
			);
			path = weixin;
			sourceTree = "<group>";
		};
		5F8605A21DF80247002657DB /* controller */ = {
			isa = PBXGroup;
			children = (
				5F8605BC1DF80996002657DB /* WXJinxuanViewController.h */,
				5F8605BD1DF80996002657DB /* WXJinxuanViewController.m */,
			);
			path = controller;
			sourceTree = "<group>";
		};
		5F8605A31DF80247002657DB /* model */ = {
			isa = PBXGroup;
			children = (
			);
			path = model;
			sourceTree = "<group>";
		};
		5F8605A41DF80247002657DB /* view */ = {
			isa = PBXGroup;
			children = (
			);
			path = view;
			sourceTree = "<group>";
		};
		5F8605A51DF80247002657DB /* xiaohua */ = {
			isa = PBXGroup;
			children = (
				5F8605A61DF80247002657DB /* controller */,
				5F8605A71DF80247002657DB /* model */,
				5F8605A81DF80247002657DB /* view */,
			);
			path = xiaohua;
			sourceTree = "<group>";
		};
		5F8605A61DF80247002657DB /* controller */ = {
			isa = PBXGroup;
			children = (
				5F8605B31DF80913002657DB /* XHViewController.h */,
				5F8605B41DF80913002657DB /* XHViewController.m */,
				5F8605B61DF8092D002657DB /* XHTextViewController.h */,
				5F8605B71DF8092D002657DB /* XHTextViewController.m */,
				5F8605B91DF80939002657DB /* XHPicViewController.h */,
				5F8605BA1DF80939002657DB /* XHPicViewController.m */,
			);
			path = controller;
			sourceTree = "<group>";
		};
		5F8605A71DF80247002657DB /* model */ = {
			isa = PBXGroup;
			children = (
				5F6DE9501DF8FD4800A4809C /* XHTextModel.h */,
				5F6DE9511DF8FD4800A4809C /* XHTextModel.m */,
				5F6DE9531DF8FD5600A4809C /* XHPicModel.h */,
				5F6DE9541DF8FD5600A4809C /* XHPicModel.m */,
			);
			path = model;
			sourceTree = "<group>";
		};
		5F8605A81DF80247002657DB /* view */ = {
			isa = PBXGroup;
			children = (
				5F6DE95C1DF908A600A4809C /* XHTextTableViewCell.h */,
				5F6DE95D1DF908A600A4809C /* XHTextTableViewCell.m */,
				5F6DE95E1DF908A600A4809C /* XHTextTableViewCell.xib */,
				5F6DE9611DF908C800A4809C /* XHPicTableViewCell.h */,
				5F6DE9621DF908C800A4809C /* XHPicTableViewCell.m */,
				5F6DE9631DF908C800A4809C /* XHPicTableViewCell.xib */,
			);
			path = view;
			sourceTree = "<group>";
		};
		5F8605A91DF80247002657DB /* xinwen */ = {
			isa = PBXGroup;
			children = (
				5F8605AA1DF80247002657DB /* controller */,
				5F8605AB1DF80247002657DB /* model */,
				5F8605AC1DF80247002657DB /* view */,
			);
			path = xinwen;
			sourceTree = "<group>";
		};
		5F8605AA1DF80247002657DB /* controller */ = {
			isa = PBXGroup;
			children = (
				5F8605C81DF809CD002657DB /* XWNewViewController.h */,
				5F8605C91DF809CD002657DB /* XWNewViewController.m */,
			);
			path = controller;
			sourceTree = "<group>";
		};
		5F8605AB1DF80247002657DB /* model */ = {
			isa = PBXGroup;
			children = (
			);
			path = model;
			sourceTree = "<group>";
		};
		5F8605AC1DF80247002657DB /* view */ = {
			isa = PBXGroup;
			children = (
			);
			path = view;
			sourceTree = "<group>";
		};
/* End PBXGroup section */

/* Begin PBXNativeTarget section */
		5F86054E1DF7F5F8002657DB /* MoreTool */ = {
			isa = PBXNativeTarget;
			buildConfigurationList = 5F86057C1DF7F5F8002657DB /* Build configuration list for PBXNativeTarget "MoreTool" */;
			buildPhases = (
				5F86054B1DF7F5F8002657DB /* Sources */,
				5F86054C1DF7F5F8002657DB /* Frameworks */,
				5F86054D1DF7F5F8002657DB /* Resources */,
			);
			buildRules = (
			);
			dependencies = (
			);
			name = MoreTool;
			productName = MoreTool;
			productReference = 5F86054F1DF7F5F8002657DB /* MoreTool.app */;
			productType = "com.apple.product-type.application";
		};
		5F8605671DF7F5F8002657DB /* MoreToolTests */ = {
			isa = PBXNativeTarget;
			buildConfigurationList = 5F86057F1DF7F5F8002657DB /* Build configuration list for PBXNativeTarget "MoreToolTests" */;
			buildPhases = (
				5F8605641DF7F5F8002657DB /* Sources */,
				5F8605651DF7F5F8002657DB /* Frameworks */,
				5F8605661DF7F5F8002657DB /* Resources */,
			);
			buildRules = (
			);
			dependencies = (
				5F86056A1DF7F5F8002657DB /* PBXTargetDependency */,
			);
			name = MoreToolTests;
			productName = MoreToolTests;
			productReference = 5F8605681DF7F5F8002657DB /* MoreToolTests.xctest */;
			productType = "com.apple.product-type.bundle.unit-test";
		};
		5F8605721DF7F5F8002657DB /* MoreToolUITests */ = {
			isa = PBXNativeTarget;
			buildConfigurationList = 5F8605821DF7F5F8002657DB /* Build configuration list for PBXNativeTarget "MoreToolUITests" */;
			buildPhases = (
				5F86056F1DF7F5F8002657DB /* Sources */,
				5F8605701DF7F5F8002657DB /* Frameworks */,
				5F8605711DF7F5F8002657DB /* Resources */,
			);
			buildRules = (
			);
			dependencies = (
				5F8605751DF7F5F8002657DB /* PBXTargetDependency */,
			);
			name = MoreToolUITests;
			productName = MoreToolUITests;
			productReference = 5F8605731DF7F5F8002657DB /* MoreToolUITests.xctest */;
			productType = "com.apple.product-type.bundle.ui-testing";
		};
/* End PBXNativeTarget section */

/* Begin PBXProject section */
		5F8605471DF7F5F8002657DB /* Project object */ = {
			isa = PBXProject;
			attributes = {
				LastUpgradeCheck = 0810;
				ORGANIZATIONNAME = "吴朋";
				TargetAttributes = {
					5F86054E1DF7F5F8002657DB = {
						CreatedOnToolsVersion = 8.1;
						ProvisioningStyle = Automatic;
					};
					5F8605671DF7F5F8002657DB = {
						CreatedOnToolsVersion = 8.1;
						ProvisioningStyle = Automatic;
						TestTargetID = 5F86054E1DF7F5F8002657DB;
					};
					5F8605721DF7F5F8002657DB = {
						CreatedOnToolsVersion = 8.1;
						ProvisioningStyle = Automatic;
						TestTargetID = 5F86054E1DF7F5F8002657DB;
					};
				};
			};
			buildConfigurationList = 5F86054A1DF7F5F8002657DB /* Build configuration list for PBXProject "MoreTool" */;
			compatibilityVersion = "Xcode 3.2";
			developmentRegion = English;
			hasScannedForEncodings = 0;
			knownRegions = (
				en,
				Base,
			);
			mainGroup = 5F8605461DF7F5F8002657DB;
			productRefGroup = 5F8605501DF7F5F8002657DB /* Products */;
			projectDirPath = "";
			projectRoot = "";
			targets = (
				5F86054E1DF7F5F8002657DB /* MoreTool */,
				5F8605671DF7F5F8002657DB /* MoreToolTests */,
				5F8605721DF7F5F8002657DB /* MoreToolUITests */,
			);
		};
/* End PBXProject section */

/* Begin PBXResourcesBuildPhase section */
		5F86054D1DF7F5F8002657DB /* Resources */ = {
			isa = PBXResourcesBuildPhase;
			buildActionMask = 2147483647;
			files = (
				5F6DE9601DF908A600A4809C /* XHTextTableViewCell.xib in Resources */,
				5F8605621DF7F5F8002657DB /* LaunchScreen.storyboard in Resources */,
				5F6DE9651DF908C800A4809C /* XHPicTableViewCell.xib in Resources */,
				5F86055F1DF7F5F8002657DB /* Assets.xcassets in Resources */,
				5F86055D1DF7F5F8002657DB /* Main.storyboard in Resources */,
			);
			runOnlyForDeploymentPostprocessing = 0;
		};
		5F8605661DF7F5F8002657DB /* Resources */ = {
			isa = PBXResourcesBuildPhase;
			buildActionMask = 2147483647;
			files = (
			);
			runOnlyForDeploymentPostprocessing = 0;
		};
		5F8605711DF7F5F8002657DB /* Resources */ = {
			isa = PBXResourcesBuildPhase;
			buildActionMask = 2147483647;
			files = (
			);
			runOnlyForDeploymentPostprocessing = 0;
		};
/* End PBXResourcesBuildPhase section */

/* Begin PBXSourcesBuildPhase section */
		5F86054B1DF7F5F8002657DB /* Sources */ = {
			isa = PBXSourcesBuildPhase;
			buildActionMask = 2147483647;
			files = (
				5F86055A1DF7F5F8002657DB /* ViewController.m in Sources */,
				5F6DE94C1DF8EED400A4809C /* PPNetworkHelper.m in Sources */,
				5F6DE9351DF8ED0A00A4809C /* UIImageView+AFNetworking.m in Sources */,
				5F6DE9341DF8ED0A00A4809C /* UIButton+AFNetworking.m in Sources */,
				5F6DE9641DF908C800A4809C /* XHPicTableViewCell.m in Sources */,
				5F8605B21DF8075C002657DB /* QiWenViewController.m in Sources */,
				5F8605CA1DF809CD002657DB /* XWNewViewController.m in Sources */,
				5F8605B51DF80913002657DB /* XHViewController.m in Sources */,
				5F8605BE1DF80996002657DB /* WXJinxuanViewController.m in Sources */,
				5F6DE9551DF8FD5600A4809C /* XHPicModel.m in Sources */,
				5F6DE9451DF8ED8D00A4809C /* YYMemoryCache.m in Sources */,
				5F6DE92F1DF8ED0A00A4809C /* AFURLSessionManager.m in Sources */,
				5F6DE9331DF8ED0A00A4809C /* UIActivityIndicatorView+AFNetworking.m in Sources */,
				5F8605BB1DF80939002657DB /* XHPicViewController.m in Sources */,
				5F6DE92B1DF8ED0A00A4809C /* AFNetworkReachabilityManager.m in Sources */,
				5F8605AF1DF805EA002657DB /* IdiomViewController.m in Sources */,
				5F8605CD1DF809DD002657DB /* JKaoViewController.m in Sources */,
				5F6DE92E1DF8ED0A00A4809C /* AFURLResponseSerialization.m in Sources */,
				5F6DE9421DF8ED8D00A4809C /* YYCache.m in Sources */,
				5F6DE92D1DF8ED0A00A4809C /* AFURLRequestSerialization.m in Sources */,
				5F6DE9521DF8FD4800A4809C /* XHTextModel.m in Sources */,
				5F6DE9441DF8ED8D00A4809C /* YYKVStorage.m in Sources */,
				5F6DE9321DF8ED0A00A4809C /* AFNetworkActivityIndicatorManager.m in Sources */,
				5F6DE9301DF8ED0A00A4809C /* AFAutoPurgingImageCache.m in Sources */,
				5F6DE9691DF90BC800A4809C /* DealTheDataForLabel.m in Sources */,
				5F6DE9431DF8ED8D00A4809C /* YYDiskCache.m in Sources */,
				5F6DE94B1DF8EED400A4809C /* PPNetworkCache.m in Sources */,
				5F6DE92C1DF8ED0A00A4809C /* AFSecurityPolicy.m in Sources */,
				5F8605C71DF809BB002657DB /* JJUViewController.m in Sources */,
				5F8605571DF7F5F8002657DB /* AppDelegate.m in Sources */,
				5F8605B81DF8092D002657DB /* XHTextViewController.m in Sources */,
				5F8605C11DF809A2002657DB /* NJViewController.m in Sources */,
				5F6DE9371DF8ED0A00A4809C /* UIRefreshControl+AFNetworking.m in Sources */,
				5F6DE9361DF8ED0A00A4809C /* UIProgressView+AFNetworking.m in Sources */,
				5F6DE92A1DF8ED0A00A4809C /* AFHTTPSessionManager.m in Sources */,
				5F6DE9381DF8ED0A00A4809C /* UIWebView+AFNetworking.m in Sources */,
				5F8605541DF7F5F8002657DB /* main.m in Sources */,
				5F8605C41DF809AF002657DB /* MYViewController.m in Sources */,
				5F6DE9311DF8ED0A00A4809C /* AFImageDownloader.m in Sources */,
				5F6DE95F1DF908A600A4809C /* XHTextTableViewCell.m in Sources */,
			);
			runOnlyForDeploymentPostprocessing = 0;
		};
		5F8605641DF7F5F8002657DB /* Sources */ = {
			isa = PBXSourcesBuildPhase;
			buildActionMask = 2147483647;
			files = (
				5F86056D1DF7F5F8002657DB /* MoreToolTests.m in Sources */,
			);
			runOnlyForDeploymentPostprocessing = 0;
		};
		5F86056F1DF7F5F8002657DB /* Sources */ = {
			isa = PBXSourcesBuildPhase;
			buildActionMask = 2147483647;
			files = (
				5F8605781DF7F5F8002657DB /* MoreToolUITests.m in Sources */,
			);
			runOnlyForDeploymentPostprocessing = 0;
		};
/* End PBXSourcesBuildPhase section */

/* Begin PBXTargetDependency section */
		5F86056A1DF7F5F8002657DB /* PBXTargetDependency */ = {
			isa = PBXTargetDependency;
			target = 5F86054E1DF7F5F8002657DB /* MoreTool */;
			targetProxy = 5F8605691DF7F5F8002657DB /* PBXContainerItemProxy */;
		};
		5F8605751DF7F5F8002657DB /* PBXTargetDependency */ = {
			isa = PBXTargetDependency;
			target = 5F86054E1DF7F5F8002657DB /* MoreTool */;
			targetProxy = 5F8605741DF7F5F8002657DB /* PBXContainerItemProxy */;
		};
/* End PBXTargetDependency section */

/* Begin PBXVariantGroup section */
		5F86055B1DF7F5F8002657DB /* Main.storyboard */ = {
			isa = PBXVariantGroup;
			children = (
				5F86055C1DF7F5F8002657DB /* Base */,
			);
			name = Main.storyboard;
			sourceTree = "<group>";
		};
		5F8605601DF7F5F8002657DB /* LaunchScreen.storyboard */ = {
			isa = PBXVariantGroup;
			children = (
				5F8605611DF7F5F8002657DB /* Base */,
			);
			name = LaunchScreen.storyboard;
			sourceTree = "<group>";
		};
/* End PBXVariantGroup section */

/* Begin XCBuildConfiguration section */
		5F86057A1DF7F5F8002657DB /* Debug */ = {
			isa = XCBuildConfiguration;
			buildSettings = {
				ALWAYS_SEARCH_USER_PATHS = NO;
				CLANG_ANALYZER_NONNULL = YES;
				CLANG_CXX_LANGUAGE_STANDARD = "gnu++0x";
				CLANG_CXX_LIBRARY = "libc++";
				CLANG_ENABLE_MODULES = YES;
				CLANG_ENABLE_OBJC_ARC = YES;
				CLANG_WARN_BOOL_CONVERSION = YES;
				CLANG_WARN_CONSTANT_CONVERSION = YES;
				CLANG_WARN_DIRECT_OBJC_ISA_USAGE = YES_ERROR;
				CLANG_WARN_DOCUMENTATION_COMMENTS = YES;
				CLANG_WARN_EMPTY_BODY = YES;
				CLANG_WARN_ENUM_CONVERSION = YES;
				CLANG_WARN_INFINITE_RECURSION = YES;
				CLANG_WARN_INT_CONVERSION = YES;
				CLANG_WARN_OBJC_ROOT_CLASS = YES_ERROR;
				CLANG_WARN_SUSPICIOUS_MOVES = YES;
				CLANG_WARN_UNREACHABLE_CODE = YES;
				CLANG_WARN__DUPLICATE_METHOD_MATCH = YES;
				"CODE_SIGN_IDENTITY[sdk=iphoneos*]" = "iPhone Developer";
				COPY_PHASE_STRIP = NO;
				DEBUG_INFORMATION_FORMAT = dwarf;
				ENABLE_STRICT_OBJC_MSGSEND = YES;
				ENABLE_TESTABILITY = YES;
				GCC_C_LANGUAGE_STANDARD = gnu99;
				GCC_DYNAMIC_NO_PIC = NO;
				GCC_NO_COMMON_BLOCKS = YES;
				GCC_OPTIMIZATION_LEVEL = 0;
				GCC_PREPROCESSOR_DEFINITIONS = (
					"DEBUG=1",
					"$(inherited)",
				);
				GCC_WARN_64_TO_32_BIT_CONVERSION = YES;
				GCC_WARN_ABOUT_RETURN_TYPE = YES_ERROR;
				GCC_WARN_UNDECLARED_SELECTOR = YES;
				GCC_WARN_UNINITIALIZED_AUTOS = YES_AGGRESSIVE;
				GCC_WARN_UNUSED_FUNCTION = YES;
				GCC_WARN_UNUSED_VARIABLE = YES;
				IPHONEOS_DEPLOYMENT_TARGET = 10.1;
				MTL_ENABLE_DEBUG_INFO = YES;
				ONLY_ACTIVE_ARCH = YES;
				SDKROOT = iphoneos;
			};
			name = Debug;
		};
		5F86057B1DF7F5F8002657DB /* Release */ = {
			isa = XCBuildConfiguration;
			buildSettings = {
				ALWAYS_SEARCH_USER_PATHS = NO;
				CLANG_ANALYZER_NONNULL = YES;
				CLANG_CXX_LANGUAGE_STANDARD = "gnu++0x";
				CLANG_CXX_LIBRARY = "libc++";
				CLANG_ENABLE_MODULES = YES;
				CLANG_ENABLE_OBJC_ARC = YES;
				CLANG_WARN_BOOL_CONVERSION = YES;
				CLANG_WARN_CONSTANT_CONVERSION = YES;
				CLANG_WARN_DIRECT_OBJC_ISA_USAGE = YES_ERROR;
				CLANG_WARN_DOCUMENTATION_COMMENTS = YES;
				CLANG_WARN_EMPTY_BODY = YES;
				CLANG_WARN_ENUM_CONVERSION = YES;
				CLANG_WARN_INFINITE_RECURSION = YES;
				CLANG_WARN_INT_CONVERSION = YES;
				CLANG_WARN_OBJC_ROOT_CLASS = YES_ERROR;
				CLANG_WARN_SUSPICIOUS_MOVES = YES;
				CLANG_WARN_UNREACHABLE_CODE = YES;
				CLANG_WARN__DUPLICATE_METHOD_MATCH = YES;
				"CODE_SIGN_IDENTITY[sdk=iphoneos*]" = "iPhone Developer";
				COPY_PHASE_STRIP = NO;
				DEBUG_INFORMATION_FORMAT = "dwarf-with-dsym";
				ENABLE_NS_ASSERTIONS = NO;
				ENABLE_STRICT_OBJC_MSGSEND = YES;
				GCC_C_LANGUAGE_STANDARD = gnu99;
				GCC_NO_COMMON_BLOCKS = YES;
				GCC_WARN_64_TO_32_BIT_CONVERSION = YES;
				GCC_WARN_ABOUT_RETURN_TYPE = YES_ERROR;
				GCC_WARN_UNDECLARED_SELECTOR = YES;
				GCC_WARN_UNINITIALIZED_AUTOS = YES_AGGRESSIVE;
				GCC_WARN_UNUSED_FUNCTION = YES;
				GCC_WARN_UNUSED_VARIABLE = YES;
				IPHONEOS_DEPLOYMENT_TARGET = 10.1;
				MTL_ENABLE_DEBUG_INFO = NO;
				SDKROOT = iphoneos;
				VALIDATE_PRODUCT = YES;
			};
			name = Release;
		};
		5F86057D1DF7F5F8002657DB /* Debug */ = {
			isa = XCBuildConfiguration;
			buildSettings = {
				ASSETCATALOG_COMPILER_APPICON_NAME = AppIcon;
				GCC_PRECOMPILE_PREFIX_HEADER = YES;
				GCC_PREFIX_HEADER = "$(SRCROOT)/MoreTool/MoreTool.pch";
				INFOPLIST_FILE = MoreTool/Info.plist;
				IPHONEOS_DEPLOYMENT_TARGET = 8.0;
				LD_RUNPATH_SEARCH_PATHS = "$(inherited) @executable_path/Frameworks";
				PRODUCT_BUNDLE_IDENTIFIER = MDF.MoreTool;
				PRODUCT_NAME = "$(TARGET_NAME)";
			};
			name = Debug;
		};
		5F86057E1DF7F5F8002657DB /* Release */ = {
			isa = XCBuildConfiguration;
			buildSettings = {
				ASSETCATALOG_COMPILER_APPICON_NAME = AppIcon;
				GCC_PRECOMPILE_PREFIX_HEADER = YES;
				GCC_PREFIX_HEADER = "$(SRCROOT)/MoreTool/MoreTool.pch";
				INFOPLIST_FILE = MoreTool/Info.plist;
				IPHONEOS_DEPLOYMENT_TARGET = 8.0;
				LD_RUNPATH_SEARCH_PATHS = "$(inherited) @executable_path/Frameworks";
				PRODUCT_BUNDLE_IDENTIFIER = MDF.MoreTool;
				PRODUCT_NAME = "$(TARGET_NAME)";
			};
			name = Release;
		};
		5F8605801DF7F5F8002657DB /* Debug */ = {
			isa = XCBuildConfiguration;
			buildSettings = {
				BUNDLE_LOADER = "$(TEST_HOST)";
				INFOPLIST_FILE = MoreToolTests/Info.plist;
				LD_RUNPATH_SEARCH_PATHS = "$(inherited) @executable_path/Frameworks @loader_path/Frameworks";
				PRODUCT_BUNDLE_IDENTIFIER = MDF.MoreToolTests;
				PRODUCT_NAME = "$(TARGET_NAME)";
				TEST_HOST = "$(BUILT_PRODUCTS_DIR)/MoreTool.app/MoreTool";
			};
			name = Debug;
		};
		5F8605811DF7F5F8002657DB /* Release */ = {
			isa = XCBuildConfiguration;
			buildSettings = {
				BUNDLE_LOADER = "$(TEST_HOST)";
				INFOPLIST_FILE = MoreToolTests/Info.plist;
				LD_RUNPATH_SEARCH_PATHS = "$(inherited) @executable_path/Frameworks @loader_path/Frameworks";
				PRODUCT_BUNDLE_IDENTIFIER = MDF.MoreToolTests;
				PRODUCT_NAME = "$(TARGET_NAME)";
				TEST_HOST = "$(BUILT_PRODUCTS_DIR)/MoreTool.app/MoreTool";
			};
			name = Release;
		};
		5F8605831DF7F5F8002657DB /* Debug */ = {
			isa = XCBuildConfiguration;
			buildSettings = {
				INFOPLIST_FILE = MoreToolUITests/Info.plist;
				LD_RUNPATH_SEARCH_PATHS = "$(inherited) @executable_path/Frameworks @loader_path/Frameworks";
				PRODUCT_BUNDLE_IDENTIFIER = MDF.MoreToolUITests;
				PRODUCT_NAME = "$(TARGET_NAME)";
				TEST_TARGET_NAME = MoreTool;
			};
			name = Debug;
		};
		5F8605841DF7F5F8002657DB /* Release */ = {
			isa = XCBuildConfiguration;
			buildSettings = {
				INFOPLIST_FILE = MoreToolUITests/Info.plist;
				LD_RUNPATH_SEARCH_PATHS = "$(inherited) @executable_path/Frameworks @loader_path/Frameworks";
				PRODUCT_BUNDLE_IDENTIFIER = MDF.MoreToolUITests;
				PRODUCT_NAME = "$(TARGET_NAME)";
				TEST_TARGET_NAME = MoreTool;
			};
			name = Release;
		};
/* End XCBuildConfiguration section */

/* Begin XCConfigurationList section */
		5F86054A1DF7F5F8002657DB /* Build configuration list for PBXProject "MoreTool" */ = {
			isa = XCConfigurationList;
			buildConfigurations = (
				5F86057A1DF7F5F8002657DB /* Debug */,
				5F86057B1DF7F5F8002657DB /* Release */,
			);
			defaultConfigurationIsVisible = 0;
			defaultConfigurationName = Release;
		};
		5F86057C1DF7F5F8002657DB /* Build configuration list for PBXNativeTarget "MoreTool" */ = {
			isa = XCConfigurationList;
			buildConfigurations = (
				5F86057D1DF7F5F8002657DB /* Debug */,
				5F86057E1DF7F5F8002657DB /* Release */,
			);
			defaultConfigurationIsVisible = 0;
			defaultConfigurationName = Release;
		};
		5F86057F1DF7F5F8002657DB /* Build configuration list for PBXNativeTarget "MoreToolTests" */ = {
			isa = XCConfigurationList;
			buildConfigurations = (
				5F8605801DF7F5F8002657DB /* Debug */,
				5F8605811DF7F5F8002657DB /* Release */,
			);
			defaultConfigurationIsVisible = 0;
			defaultConfigurationName = Release;
		};
		5F8605821DF7F5F8002657DB /* Build configuration list for PBXNativeTarget "MoreToolUITests" */ = {
			isa = XCConfigurationList;
			buildConfigurations = (
				5F8605831DF7F5F8002657DB /* Debug */,
				5F8605841DF7F5F8002657DB /* Release */,
			);
			defaultConfigurationIsVisible = 0;
			defaultConfigurationName = Release;
		};
/* End XCConfigurationList section */
	};
	rootObject = 5F8605471DF7F5F8002657DB /* Project object */;
}
